
Microsoft Visual Studio Solution File, Format Version 12.00
# Visual Studio 15
VisualStudioVersion = 15.0.27428.2027
MinimumVisualStudioVersion = 10.0.40219.1
Project("{8BC9CEB8-8B4A-11D0-8D11-00A0C91BC942}") = "RootkitHashCracker", "RootkitHashCracker\RootkitHashCracker.vcxproj", "{6B96AD6F-33A1-4194-8A4F-FFF6F350F5B6}"
EndProject
Global
	GlobalSection(SolutionConfigurationPlatforms) = preSolution
		Debug|x64 = Debug|x64
		Debug|x86 = Debug|x86
		Release|x64 = Release|x64
		Release|x86 = Release|x86
	EndGlobalSection
	GlobalSection(ProjectConfigurationPlatforms) = postSolution
		{6B96AD6F-33A1-4194-8A4F-FFF6F350F5B6}.Debug|x64.ActiveCfg = Debug|x64
		{6B96AD6F-33A1-4194-8A4F-FFF6F350F5B6}.Debug|x64.Build.0 = Debug|x64
		{6B96AD6F-33A1-4194-8A4F-FFF6F350F5B6}.Debug|x86.ActiveCfg = Debug|Win32
		{6B96AD6F-33A1-4194-8A4F-FFF6F350F5B6}.Debug|x86.Build.0 = Debug|Win32
		{6B96AD6F-33A1-4194-8A4F-FFF6F350F5B6}.Release|x64.ActiveCfg = Release|x64
		{6B96AD6F-33A1-4194-8A4F-FFF6F350F5B6}.Release|x64.Build.0 = Release|x64
		{6B96AD6F-33A1-4194-8A4F-FFF6F350F5B6}.Release|x86.ActiveCfg = Release|Win32
		{6B96AD6F-33A1-4194-8A4F-FFF6F350F5B6}.Release|x86.Build.0 = Release|Win32
	EndGlobalSection
	GlobalSection(SolutionProperties) = preSolution
		HideSolutionNode = FALSE
	EndGlobalSection
	GlobalSection(ExtensibilityGlobals) = postSolution
		SolutionGuid = {167363CF-29AC-44A4-A6B6-F5E4E086303A}
	EndGlobalSection
EndGlobal
